
Microsoft Visual Studio Solution File, Format Version 12.00
# Visual Studio Version 16
VisualStudioVersion = 16.0.31019.35
MinimumVisualStudioVersion = 10.0.40219.1
Project("{9A19103F-16F7-4668-BE54-9A1E7A4F7556}") = "AplikasiSwitch", "AplikasiSwitch\AplikasiSwitch.csproj", "{884A2B1C-46D8-4A9D-B8A8-DF3AA46E5979}"
EndProject
Project("{FAE04EC0-301F-11D3-BF4B-00C04F79EFBC}") = "AplikasiSwitchTests", "AplikasiSwitchTests\AplikasiSwitchTests.csproj", "{BD6879D8-F55F-48C6-B830-C3B7115BC180}"
EndProject
Global
	GlobalSection(SolutionConfigurationPlatforms) = preSolution
		Debug|Any CPU = Debug|Any CPU
		Release|Any CPU = Release|Any CPU
	EndGlobalSection
	GlobalSection(ProjectConfigurationPlatforms) = postSolution
		{884A2B1C-46D8-4A9D-B8A8-DF3AA46E5979}.Debug|Any CPU.ActiveCfg = Debug|Any CPU
		{884A2B1C-46D8-4A9D-B8A8-DF3AA46E5979}.Debug|Any CPU.Build.0 = Debug|Any CPU
		{884A2B1C-46D8-4A9D-B8A8-DF3AA46E5979}.Release|Any CPU.ActiveCfg = Release|Any CPU
		{884A2B1C-46D8-4A9D-B8A8-DF3AA46E5979}.Release|Any CPU.Build.0 = Release|Any CPU
		{BD6879D8-F55F-48C6-B830-C3B7115BC180}.Debug|Any CPU.ActiveCfg = Debug|Any CPU
		{BD6879D8-F55F-48C6-B830-C3B7115BC180}.Debug|Any CPU.Build.0 = Debug|Any CPU
		{BD6879D8-F55F-48C6-B830-C3B7115BC180}.Release|Any CPU.ActiveCfg = Release|Any CPU
		{BD6879D8-F55F-48C6-B830-C3B7115BC180}.Release|Any CPU.Build.0 = Release|Any CPU
	EndGlobalSection
	GlobalSection(SolutionProperties) = preSolution
		HideSolutionNode = FALSE
	EndGlobalSection
	GlobalSection(ExtensibilityGlobals) = postSolution
		SolutionGuid = {F1749BAE-4F56-453C-B003-24E6FCD8BDAF}
	EndGlobalSection
EndGlobal
